
Microsoft Visual Studio Solution File, Format Version 12.00
# Visual Studio Version 17
VisualStudioVersion = 17.2.32602.215
MinimumVisualStudioVersion = 10.0.40219.1
Project("{FAE04EC0-301F-11D3-BF4B-00C04F79EFBC}") = "Matriz", "Matriz\Matriz.csproj", "{151C6E2F-F86C-45AC-AD8F-EE31F7170631}"
EndProject
Global
	GlobalSection(SolutionConfigurationPlatforms) = preSolution
		Debug|Any CPU = Debug|Any CPU
		Release|Any CPU = Release|Any CPU
	EndGlobalSection
	GlobalSection(ProjectConfigurationPlatforms) = postSolution
		{151C6E2F-F86C-45AC-AD8F-EE31F7170631}.Debug|Any CPU.ActiveCfg = Debug|Any CPU
		{151C6E2F-F86C-45AC-AD8F-EE31F7170631}.Debug|Any CPU.Build.0 = Debug|Any CPU
		{151C6E2F-F86C-45AC-AD8F-EE31F7170631}.Release|Any CPU.ActiveCfg = Release|Any CPU
		{151C6E2F-F86C-45AC-AD8F-EE31F7170631}.Release|Any CPU.Build.0 = Release|Any CPU
	EndGlobalSection
	GlobalSection(SolutionProperties) = preSolution
		HideSolutionNode = FALSE
	EndGlobalSection
	GlobalSection(ExtensibilityGlobals) = postSolution
		SolutionGuid = {C9152EBF-47D4-4D47-9479-9B8411BB81D2}
	EndGlobalSection
EndGlobal
